
Microsoft Visual Studio Solution File, Format Version 12.00
# Visual Studio Version 17
VisualStudioVersion = 17.7.34031.279
MinimumVisualStudioVersion = 10.0.40219.1
Project("{FAE04EC0-301F-11D3-BF4B-00C04F79EFBC}") = "Worker", "Worker.csproj", "{A041AC8F-FCF8-4170-9CE8-ECBCAD855BAE}"
EndProject
Global
	GlobalSection(SolutionConfigurationPlatforms) = preSolution
		Debug|Any CPU = Debug|Any CPU
		Release|Any CPU = Release|Any CPU
	EndGlobalSection
	GlobalSection(ProjectConfigurationPlatforms) = postSolution
		{A041AC8F-FCF8-4170-9CE8-ECBCAD855BAE}.Debug|Any CPU.ActiveCfg = Debug|Any CPU
		{A041AC8F-FCF8-4170-9CE8-ECBCAD855BAE}.Debug|Any CPU.Build.0 = Debug|Any CPU
		{A041AC8F-FCF8-4170-9CE8-ECBCAD855BAE}.Release|Any CPU.ActiveCfg = Release|Any CPU
		{A041AC8F-FCF8-4170-9CE8-ECBCAD855BAE}.Release|Any CPU.Build.0 = Release|Any CPU
	EndGlobalSection
	GlobalSection(SolutionProperties) = preSolution
		HideSolutionNode = FALSE
	EndGlobalSection
	GlobalSection(ExtensibilityGlobals) = postSolution
		SolutionGuid = {B2983C18-D05E-4369-B04D-2DE40E231D96}
	EndGlobalSection
EndGlobal
